
Microsoft Visual Studio Solution File, Format Version 12.00
# Visual Studio Version 17
VisualStudioVersion = 17.2.32602.215
MinimumVisualStudioVersion = 10.0.40219.1
Project("{9A19103F-16F7-4668-BE54-9A1E7A4F7556}") = "GrocyShopping", "GrocyShopping\GrocyShopping.csproj", "{F3EC232E-3371-4F5D-BB1C-061FDDFA42D8}"
EndProject
Project("{9A19103F-16F7-4668-BE54-9A1E7A4F7556}") = "GrocyShopping.Infrastructure", "GrocyShopping.Infrastructure\GrocyShopping.Infrastructure.csproj", "{9B0032E1-22D0-4F03-9805-CD8BC7015C13}"
EndProject
Project("{9A19103F-16F7-4668-BE54-9A1E7A4F7556}") = "GrocyShopping.Citygross", "GrocyShopping.Citygross.Receipt\GrocyShopping.Citygross.csproj", "{C8408738-A52C-44F4-827C-72451DA7358C}"
EndProject
Project("{9A19103F-16F7-4668-BE54-9A1E7A4F7556}") = "GrocyShopping.Tests", "GrocyShopping.Tests\GrocyShopping.Tests.csproj", "{60908618-6B8B-4F37-B83F-EDE3A3D85534}"
EndProject
Project("{9A19103F-16F7-4668-BE54-9A1E7A4F7556}") = "GrocyShopping.Console", "GrocyShopping.Console\GrocyShopping.Console.csproj", "{B00D815E-F394-417E-AABD-D3635532F2EA}"
EndProject
Project("{9A19103F-16F7-4668-BE54-9A1E7A4F7556}") = "Grocy.RestAPI", "Grocy.RestAPI\Grocy.RestAPI.csproj", "{D0559F48-0E80-401C-8C19-964AA1100E75}"
EndProject
Global
	GlobalSection(SolutionConfigurationPlatforms) = preSolution
		Debug|Any CPU = Debug|Any CPU
		Release|Any CPU = Release|Any CPU
	EndGlobalSection
	GlobalSection(ProjectConfigurationPlatforms) = postSolution
		{F3EC232E-3371-4F5D-BB1C-061FDDFA42D8}.Debug|Any CPU.ActiveCfg = Debug|Any CPU
		{F3EC232E-3371-4F5D-BB1C-061FDDFA42D8}.Debug|Any CPU.Build.0 = Debug|Any CPU
		{F3EC232E-3371-4F5D-BB1C-061FDDFA42D8}.Release|Any CPU.ActiveCfg = Release|Any CPU
		{F3EC232E-3371-4F5D-BB1C-061FDDFA42D8}.Release|Any CPU.Build.0 = Release|Any CPU
		{9B0032E1-22D0-4F03-9805-CD8BC7015C13}.Debug|Any CPU.ActiveCfg = Debug|Any CPU
		{9B0032E1-22D0-4F03-9805-CD8BC7015C13}.Debug|Any CPU.Build.0 = Debug|Any CPU
		{9B0032E1-22D0-4F03-9805-CD8BC7015C13}.Release|Any CPU.ActiveCfg = Release|Any CPU
		{9B0032E1-22D0-4F03-9805-CD8BC7015C13}.Release|Any CPU.Build.0 = Release|Any CPU
		{C8408738-A52C-44F4-827C-72451DA7358C}.Debug|Any CPU.ActiveCfg = Debug|Any CPU
		{C8408738-A52C-44F4-827C-72451DA7358C}.Debug|Any CPU.Build.0 = Debug|Any CPU
		{C8408738-A52C-44F4-827C-72451DA7358C}.Release|Any CPU.ActiveCfg = Release|Any CPU
		{C8408738-A52C-44F4-827C-72451DA7358C}.Release|Any CPU.Build.0 = Release|Any CPU
		{60908618-6B8B-4F37-B83F-EDE3A3D85534}.Debug|Any CPU.ActiveCfg = Debug|Any CPU
		{60908618-6B8B-4F37-B83F-EDE3A3D85534}.Debug|Any CPU.Build.0 = Debug|Any CPU
		{60908618-6B8B-4F37-B83F-EDE3A3D85534}.Release|Any CPU.ActiveCfg = Release|Any CPU
		{60908618-6B8B-4F37-B83F-EDE3A3D85534}.Release|Any CPU.Build.0 = Release|Any CPU
		{B00D815E-F394-417E-AABD-D3635532F2EA}.Debug|Any CPU.ActiveCfg = Debug|Any CPU
		{B00D815E-F394-417E-AABD-D3635532F2EA}.Debug|Any CPU.Build.0 = Debug|Any CPU
		{B00D815E-F394-417E-AABD-D3635532F2EA}.Release|Any CPU.ActiveCfg = Release|Any CPU
		{B00D815E-F394-417E-AABD-D3635532F2EA}.Release|Any CPU.Build.0 = Release|Any CPU
		{D0559F48-0E80-401C-8C19-964AA1100E75}.Debug|Any CPU.ActiveCfg = Debug|Any CPU
		{D0559F48-0E80-401C-8C19-964AA1100E75}.Debug|Any CPU.Build.0 = Debug|Any CPU
		{D0559F48-0E80-401C-8C19-964AA1100E75}.Release|Any CPU.ActiveCfg = Release|Any CPU
		{D0559F48-0E80-401C-8C19-964AA1100E75}.Release|Any CPU.Build.0 = Release|Any CPU
	EndGlobalSection
	GlobalSection(SolutionProperties) = preSolution
		HideSolutionNode = FALSE
	EndGlobalSection
	GlobalSection(ExtensibilityGlobals) = postSolution
		SolutionGuid = {B743A7DF-4E32-48A9-AEBF-3BBA4BFFA9C0}
	EndGlobalSection
EndGlobal
